{
  "name": "watcher",
  "version": "1.0.0",
  "lockfileVersion": 1,
  "requires": true,
  "dependencies": {
    "djcx_utils": {
      "version": "1.0.3",
      "resolved": "https://registry.npmjs.org/djcx_utils/-/djcx_utils-1.0.3.tgz",
      "integrity": "sha512-Hr7KIt5S3lxCQG5N9fdMkWq3PxA4mR61ylTeI7AcobSZ4zEmv1wccnsxdJ+FRb8lFs61L1W6hOD+erWohQHIgg=="
    }
  }
}
